
Microsoft Visual Studio Solution File, Format Version 12.00
# Visual Studio Version 16
VisualStudioVersion = 16.0.31019.35
MinimumVisualStudioVersion = 10.0.40219.1
Project("{FAE04EC0-301F-11D3-BF4B-00C04F79EFBC}") = "Forza Fix", "Forza Fix\Forza Fix.csproj", "{C0CD2787-7E53-4D0B-9548-0FFD3EF3926A}"
EndProject
Global
	GlobalSection(SolutionConfigurationPlatforms) = preSolution
		Debug|Any CPU = Debug|Any CPU
		Release|Any CPU = Release|Any CPU
	EndGlobalSection
	GlobalSection(ProjectConfigurationPlatforms) = postSolution
		{C0CD2787-7E53-4D0B-9548-0FFD3EF3926A}.Debug|Any CPU.ActiveCfg = Debug|Any CPU
		{C0CD2787-7E53-4D0B-9548-0FFD3EF3926A}.Debug|Any CPU.Build.0 = Debug|Any CPU
		{C0CD2787-7E53-4D0B-9548-0FFD3EF3926A}.Release|Any CPU.ActiveCfg = Release|Any CPU
		{C0CD2787-7E53-4D0B-9548-0FFD3EF3926A}.Release|Any CPU.Build.0 = Release|Any CPU
	EndGlobalSection
	GlobalSection(SolutionProperties) = preSolution
		HideSolutionNode = FALSE
	EndGlobalSection
	GlobalSection(ExtensibilityGlobals) = postSolution
		SolutionGuid = {3FFC9AB1-5858-4606-83E5-C9CDBB4A8A1D}
	EndGlobalSection
EndGlobal
